
Microsoft Visual Studio Solution File, Format Version 12.00
# Visual Studio Version 16
VisualStudioVersion = 16.0.31005.135
MinimumVisualStudioVersion = 10.0.40219.1
Project("{888888A0-9F3D-457C-B088-3A5042F75D52}") = "abhishek-django-web", "abhishek-django-web.pyproj", "{C0456EA5-4ACB-44B5-BBE2-DADB1385A560}"
EndProject
Global
	GlobalSection(SolutionConfigurationPlatforms) = preSolution
		Debug|Any CPU = Debug|Any CPU
		Release|Any CPU = Release|Any CPU
	EndGlobalSection
	GlobalSection(ProjectConfigurationPlatforms) = postSolution
		{C0456EA5-4ACB-44B5-BBE2-DADB1385A560}.Debug|Any CPU.ActiveCfg = Debug|Any CPU
		{C0456EA5-4ACB-44B5-BBE2-DADB1385A560}.Debug|Any CPU.Build.0 = Debug|Any CPU
		{C0456EA5-4ACB-44B5-BBE2-DADB1385A560}.Release|Any CPU.ActiveCfg = Release|Any CPU
		{C0456EA5-4ACB-44B5-BBE2-DADB1385A560}.Release|Any CPU.Build.0 = Release|Any CPU
	EndGlobalSection
	GlobalSection(SolutionProperties) = preSolution
		HideSolutionNode = FALSE
	EndGlobalSection
	GlobalSection(ExtensibilityGlobals) = postSolution
		SolutionGuid = {298C8BA0-0B83-4DFC-98E3-B9CA19B74214}
	EndGlobalSection
EndGlobal
